// !$*UTF8*$!
{
	archiveVersion = 1;
	classes = {
	};
	objectVersion = 55;
	objects = {

/* Begin PBXBuildFile section */
		862BF86427E3FDE40056A45B /* AppDelegate.swift in Sources */ = {isa = PBXBuildFile; fileRef = 862BF86327E3FDE40056A45B /* AppDelegate.swift */; };
		862BF86627E3FDE40056A45B /* SceneDelegate.swift in Sources */ = {isa = PBXBuildFile; fileRef = 862BF86527E3FDE40056A45B /* SceneDelegate.swift */; };
		862BF86827E3FDE40056A45B /* ViewController.swift in Sources */ = {isa = PBXBuildFile; fileRef = 862BF86727E3FDE40056A45B /* ViewController.swift */; };
		862BF86B27E3FDE40056A45B /* Main.storyboard in Resources */ = {isa = PBXBuildFile; fileRef = 862BF86927E3FDE40056A45B /* Main.storyboard */; };
		862BF86D27E3FDE60056A45B /* Assets.xcassets in Resources */ = {isa = PBXBuildFile; fileRef = 862BF86C27E3FDE60056A45B /* Assets.xcassets */; };
		862BF87027E3FDE60056A45B /* LaunchScreen.storyboard in Resources */ = {isa = PBXBuildFile; fileRef = 862BF86E27E3FDE60056A45B /* LaunchScreen.storyboard */; };
		862BF87B27E3FDE60056A45B /* github_api_sample_app_ios_viperTests.swift in Sources */ = {isa = PBXBuildFile; fileRef = 862BF87A27E3FDE60056A45B /* github_api_sample_app_ios_viperTests.swift */; };
		862BF88527E3FDE60056A45B /* github_api_sample_app_ios_viperUITests.swift in Sources */ = {isa = PBXBuildFile; fileRef = 862BF88427E3FDE60056A45B /* github_api_sample_app_ios_viperUITests.swift */; };
		862BF88727E3FDE60056A45B /* github_api_sample_app_ios_viperUITestsLaunchTests.swift in Sources */ = {isa = PBXBuildFile; fileRef = 862BF88627E3FDE60056A45B /* github_api_sample_app_ios_viperUITestsLaunchTests.swift */; };
/* End PBXBuildFile section */

/* Begin PBXContainerItemProxy section */
		862BF87727E3FDE60056A45B /* PBXContainerItemProxy */ = {
			isa = PBXContainerItemProxy;
			containerPortal = 862BF85827E3FDE40056A45B /* Project object */;
			proxyType = 1;
			remoteGlobalIDString = 862BF85F27E3FDE40056A45B;
			remoteInfo = github_api_sample_app_ios_viper;
		};
		862BF88127E3FDE60056A45B /* PBXContainerItemProxy */ = {
			isa = PBXContainerItemProxy;
			containerPortal = 862BF85827E3FDE40056A45B /* Project object */;
			proxyType = 1;
			remoteGlobalIDString = 862BF85F27E3FDE40056A45B;
			remoteInfo = github_api_sample_app_ios_viper;
		};
/* End PBXContainerItemProxy section */

/* Begin PBXFileReference section */
		862BF86027E3FDE40056A45B /* github_api_sample_app_ios_viper.app */ = {isa = PBXFileReference; explicitFileType = wrapper.application; includeInIndex = 0; path = github_api_sample_app_ios_viper.app; sourceTree = BUILT_PRODUCTS_DIR; };
		862BF86327E3FDE40056A45B /* AppDelegate.swift */ = {isa = PBXFileReference; lastKnownFileType = sourcecode.swift; path = AppDelegate.swift; sourceTree = "<group>"; };
		862BF86527E3FDE40056A45B /* SceneDelegate.swift */ = {isa = PBXFileReference; lastKnownFileType = sourcecode.swift; path = SceneDelegate.swift; sourceTree = "<group>"; };
		862BF86727E3FDE40056A45B /* ViewController.swift */ = {isa = PBXFileReference; lastKnownFileType = sourcecode.swift; path = ViewController.swift; sourceTree = "<group>"; };
		862BF86A27E3FDE40056A45B /* Base */ = {isa = PBXFileReference; lastKnownFileType = file.storyboard; name = Base; path = Base.lproj/Main.storyboard; sourceTree = "<group>"; };
		862BF86C27E3FDE60056A45B /* Assets.xcassets */ = {isa = PBXFileReference; lastKnownFileType = folder.assetcatalog; path = Assets.xcassets; sourceTree = "<group>"; };
		862BF86F27E3FDE60056A45B /* Base */ = {isa = PBXFileReference; lastKnownFileType = file.storyboard; name = Base; path = Base.lproj/LaunchScreen.storyboard; sourceTree = "<group>"; };
		862BF87127E3FDE60056A45B /* Info.plist */ = {isa = PBXFileReference; lastKnownFileType = text.plist.xml; path = Info.plist; sourceTree = "<group>"; };
		862BF87627E3FDE60056A45B /* github_api_sample_app_ios_viperTests.xctest */ = {isa = PBXFileReference; explicitFileType = wrapper.cfbundle; includeInIndex = 0; path = github_api_sample_app_ios_viperTests.xctest; sourceTree = BUILT_PRODUCTS_DIR; };
		862BF87A27E3FDE60056A45B /* github_api_sample_app_ios_viperTests.swift */ = {isa = PBXFileReference; lastKnownFileType = sourcecode.swift; path = github_api_sample_app_ios_viperTests.swift; sourceTree = "<group>"; };
		862BF88027E3FDE60056A45B /* github_api_sample_app_ios_viperUITests.xctest */ = {isa = PBXFileReference; explicitFileType = wrapper.cfbundle; includeInIndex = 0; path = github_api_sample_app_ios_viperUITests.xctest; sourceTree = BUILT_PRODUCTS_DIR; };
		862BF88427E3FDE60056A45B /* github_api_sample_app_ios_viperUITests.swift */ = {isa = PBXFileReference; lastKnownFileType = sourcecode.swift; path = github_api_sample_app_ios_viperUITests.swift; sourceTree = "<group>"; };
		862BF88627E3FDE60056A45B /* github_api_sample_app_ios_viperUITestsLaunchTests.swift */ = {isa = PBXFileReference; lastKnownFileType = sourcecode.swift; path = github_api_sample_app_ios_viperUITestsLaunchTests.swift; sourceTree = "<group>"; };
/* End PBXFileReference section */

/* Begin PBXFrameworksBuildPhase section */
		862BF85D27E3FDE40056A45B /* Frameworks */ = {
			isa = PBXFrameworksBuildPhase;
			buildActionMask = 2147483647;
			files = (
			);
			runOnlyForDeploymentPostprocessing = 0;
		};
		862BF87327E3FDE60056A45B /* Frameworks */ = {
			isa = PBXFrameworksBuildPhase;
			buildActionMask = 2147483647;
			files = (
			);
			runOnlyForDeploymentPostprocessing = 0;
		};
		862BF87D27E3FDE60056A45B /* Frameworks */ = {
			isa = PBXFrameworksBuildPhase;
			buildActionMask = 2147483647;
			files = (
			);
			runOnlyForDeploymentPostprocessing = 0;
		};
/* End PBXFrameworksBuildPhase section */

/* Begin PBXGroup section */
		862BF85727E3FDE40056A45B = {
			isa = PBXGroup;
			children = (
				862BF86227E3FDE40056A45B /* github_api_sample_app_ios_viper */,
				862BF87927E3FDE60056A45B /* github_api_sample_app_ios_viperTests */,
				862BF88327E3FDE60056A45B /* github_api_sample_app_ios_viperUITests */,
				862BF86127E3FDE40056A45B /* Products */,
			);
			sourceTree = "<group>";
		};
		862BF86127E3FDE40056A45B /* Products */ = {
			isa = PBXGroup;
			children = (
				862BF86027E3FDE40056A45B /* github_api_sample_app_ios_viper.app */,
				862BF87627E3FDE60056A45B /* github_api_sample_app_ios_viperTests.xctest */,
				862BF88027E3FDE60056A45B /* github_api_sample_app_ios_viperUITests.xctest */,
			);
			name = Products;
			sourceTree = "<group>";
		};
		862BF86227E3FDE40056A45B /* github_api_sample_app_ios_viper */ = {
			isa = PBXGroup;
			children = (
				862BF86327E3FDE40056A45B /* AppDelegate.swift */,
				862BF86527E3FDE40056A45B /* SceneDelegate.swift */,
				862BF86727E3FDE40056A45B /* ViewController.swift */,
				862BF86927E3FDE40056A45B /* Main.storyboard */,
				862BF86C27E3FDE60056A45B /* Assets.xcassets */,
				862BF86E27E3FDE60056A45B /* LaunchScreen.storyboard */,
				862BF87127E3FDE60056A45B /* Info.plist */,
			);
			path = github_api_sample_app_ios_viper;
			sourceTree = "<group>";
		};
		862BF87927E3FDE60056A45B /* github_api_sample_app_ios_viperTests */ = {
			isa = PBXGroup;
			children = (
				862BF87A27E3FDE60056A45B /* github_api_sample_app_ios_viperTests.swift */,
			);
			path = github_api_sample_app_ios_viperTests;
			sourceTree = "<group>";
		};
		862BF88327E3FDE60056A45B /* github_api_sample_app_ios_viperUITests */ = {
			isa = PBXGroup;
			children = (
				862BF88427E3FDE60056A45B /* github_api_sample_app_ios_viperUITests.swift */,
				862BF88627E3FDE60056A45B /* github_api_sample_app_ios_viperUITestsLaunchTests.swift */,
			);
			path = github_api_sample_app_ios_viperUITests;
			sourceTree = "<group>";
		};
/* End PBXGroup section */

/* Begin PBXNativeTarget section */
		862BF85F27E3FDE40056A45B /* github_api_sample_app_ios_viper */ = {
			isa = PBXNativeTarget;
			buildConfigurationList = 862BF88A27E3FDE60056A45B /* Build configuration list for PBXNativeTarget "github_api_sample_app_ios_viper" */;
			buildPhases = (
				862BF85C27E3FDE40056A45B /* Sources */,
				862BF85D27E3FDE40056A45B /* Frameworks */,
				862BF85E27E3FDE40056A45B /* Resources */,
			);
			buildRules = (
			);
			dependencies = (
			);
			name = github_api_sample_app_ios_viper;
			productName = github_api_sample_app_ios_viper;
			productReference = 862BF86027E3FDE40056A45B /* github_api_sample_app_ios_viper.app */;
			productType = "com.apple.product-type.application";
		};
		862BF87527E3FDE60056A45B /* github_api_sample_app_ios_viperTests */ = {
			isa = PBXNativeTarget;
			buildConfigurationList = 862BF88D27E3FDE60056A45B /* Build configuration list for PBXNativeTarget "github_api_sample_app_ios_viperTests" */;
			buildPhases = (
				862BF87227E3FDE60056A45B /* Sources */,
				862BF87327E3FDE60056A45B /* Frameworks */,
				862BF87427E3FDE60056A45B /* Resources */,
			);
			buildRules = (
			);
			dependencies = (
				862BF87827E3FDE60056A45B /* PBXTargetDependency */,
			);
			name = github_api_sample_app_ios_viperTests;
			productName = github_api_sample_app_ios_viperTests;
			productReference = 862BF87627E3FDE60056A45B /* github_api_sample_app_ios_viperTests.xctest */;
			productType = "com.apple.product-type.bundle.unit-test";
		};
		862BF87F27E3FDE60056A45B /* github_api_sample_app_ios_viperUITests */ = {
			isa = PBXNativeTarget;
			buildConfigurationList = 862BF89027E3FDE60056A45B /* Build configuration list for PBXNativeTarget "github_api_sample_app_ios_viperUITests" */;
			buildPhases = (
				862BF87C27E3FDE60056A45B /* Sources */,
				862BF87D27E3FDE60056A45B /* Frameworks */,
				862BF87E27E3FDE60056A45B /* Resources */,
			);
			buildRules = (
			);
			dependencies = (
				862BF88227E3FDE60056A45B /* PBXTargetDependency */,
			);
			name = github_api_sample_app_ios_viperUITests;
			productName = github_api_sample_app_ios_viperUITests;
			productReference = 862BF88027E3FDE60056A45B /* github_api_sample_app_ios_viperUITests.xctest */;
			productType = "com.apple.product-type.bundle.ui-testing";
		};
/* End PBXNativeTarget section */

/* Begin PBXProject section */
		862BF85827E3FDE40056A45B /* Project object */ = {
			isa = PBXProject;
			attributes = {
				BuildIndependentTargetsInParallel = 1;
				LastSwiftUpdateCheck = 1330;
				LastUpgradeCheck = 1330;
				TargetAttributes = {
					862BF85F27E3FDE40056A45B = {
						CreatedOnToolsVersion = 13.3;
					};
					862BF87527E3FDE60056A45B = {
						CreatedOnToolsVersion = 13.3;
						TestTargetID = 862BF85F27E3FDE40056A45B;
					};
					862BF87F27E3FDE60056A45B = {
						CreatedOnToolsVersion = 13.3;
						TestTargetID = 862BF85F27E3FDE40056A45B;
					};
				};
			};
			buildConfigurationList = 862BF85B27E3FDE40056A45B /* Build configuration list for PBXProject "github_api_sample_app_ios_viper" */;
			compatibilityVersion = "Xcode 13.0";
			developmentRegion = en;
			hasScannedForEncodings = 0;
			knownRegions = (
				en,
				Base,
			);
			mainGroup = 862BF85727E3FDE40056A45B;
			productRefGroup = 862BF86127E3FDE40056A45B /* Products */;
			projectDirPath = "";
			projectRoot = "";
			targets = (
				862BF85F27E3FDE40056A45B /* github_api_sample_app_ios_viper */,
				862BF87527E3FDE60056A45B /* github_api_sample_app_ios_viperTests */,
				862BF87F27E3FDE60056A45B /* github_api_sample_app_ios_viperUITests */,
			);
		};
/* End PBXProject section */

/* Begin PBXResourcesBuildPhase section */
		862BF85E27E3FDE40056A45B /* Resources */ = {
			isa = PBXResourcesBuildPhase;
			buildActionMask = 2147483647;
			files = (
				862BF87027E3FDE60056A45B /* LaunchScreen.storyboard in Resources */,
				862BF86D27E3FDE60056A45B /* Assets.xcassets in Resources */,
				862BF86B27E3FDE40056A45B /* Main.storyboard in Resources */,
			);
			runOnlyForDeploymentPostprocessing = 0;
		};
		862BF87427E3FDE60056A45B /* Resources */ = {
			isa = PBXResourcesBuildPhase;
			buildActionMask = 2147483647;
			files = (
			);
			runOnlyForDeploymentPostprocessing = 0;
		};
		862BF87E27E3FDE60056A45B /* Resources */ = {
			isa = PBXResourcesBuildPhase;
			buildActionMask = 2147483647;
			files = (
			);
			runOnlyForDeploymentPostprocessing = 0;
		};
/* End PBXResourcesBuildPhase section */

/* Begin PBXSourcesBuildPhase section */
		862BF85C27E3FDE40056A45B /* Sources */ = {
			isa = PBXSourcesBuildPhase;
			buildActionMask = 2147483647;
			files = (
				862BF86827E3FDE40056A45B /* ViewController.swift in Sources */,
				862BF86427E3FDE40056A45B /* AppDelegate.swift in Sources */,
				862BF86627E3FDE40056A45B /* SceneDelegate.swift in Sources */,
			);
			runOnlyForDeploymentPostprocessing = 0;
		};
		862BF87227E3FDE60056A45B /* Sources */ = {
			isa = PBXSourcesBuildPhase;
			buildActionMask = 2147483647;
			files = (
				862BF87B27E3FDE60056A45B /* github_api_sample_app_ios_viperTests.swift in Sources */,
			);
			runOnlyForDeploymentPostprocessing = 0;
		};
		862BF87C27E3FDE60056A45B /* Sources */ = {
			isa = PBXSourcesBuildPhase;
			buildActionMask = 2147483647;
			files = (
				862BF88527E3FDE60056A45B /* github_api_sample_app_ios_viperUITests.swift in Sources */,
				862BF88727E3FDE60056A45B /* github_api_sample_app_ios_viperUITestsLaunchTests.swift in Sources */,
			);
			runOnlyForDeploymentPostprocessing = 0;
		};
/* End PBXSourcesBuildPhase section */

/* Begin PBXTargetDependency section */
		862BF87827E3FDE60056A45B /* PBXTargetDependency */ = {
			isa = PBXTargetDependency;
			target = 862BF85F27E3FDE40056A45B /* github_api_sample_app_ios_viper */;
			targetProxy = 862BF87727E3FDE60056A45B /* PBXContainerItemProxy */;
		};
		862BF88227E3FDE60056A45B /* PBXTargetDependency */ = {
			isa = PBXTargetDependency;
			target = 862BF85F27E3FDE40056A45B /* github_api_sample_app_ios_viper */;
			targetProxy = 862BF88127E3FDE60056A45B /* PBXContainerItemProxy */;
		};
/* End PBXTargetDependency section */

/* Begin PBXVariantGroup section */
		862BF86927E3FDE40056A45B /* Main.storyboard */ = {
			isa = PBXVariantGroup;
			children = (
				862BF86A27E3FDE40056A45B /* Base */,
			);
			name = Main.storyboard;
			sourceTree = "<group>";
		};
		862BF86E27E3FDE60056A45B /* LaunchScreen.storyboard */ = {
			isa = PBXVariantGroup;
			children = (
				862BF86F27E3FDE60056A45B /* Base */,
			);
			name = LaunchScreen.storyboard;
			sourceTree = "<group>";
		};
/* End PBXVariantGroup section */

/* Begin XCBuildConfiguration section */
		862BF88827E3FDE60056A45B /* Debug */ = {
			isa = XCBuildConfiguration;
			buildSettings = {
				ALWAYS_SEARCH_USER_PATHS = NO;
				CLANG_ANALYZER_NONNULL = YES;
				CLANG_ANALYZER_NUMBER_OBJECT_CONVERSION = YES_AGGRESSIVE;
				CLANG_CXX_LANGUAGE_STANDARD = "gnu++17";
				CLANG_ENABLE_MODULES = YES;
				CLANG_ENABLE_OBJC_ARC = YES;
				CLANG_ENABLE_OBJC_WEAK = YES;
				CLANG_WARN_BLOCK_CAPTURE_AUTORELEASING = YES;
				CLANG_WARN_BOOL_CONVERSION = YES;
				CLANG_WARN_COMMA = YES;
				CLANG_WARN_CONSTANT_CONVERSION = YES;
				CLANG_WARN_DEPRECATED_OBJC_IMPLEMENTATIONS = YES;
				CLANG_WARN_DIRECT_OBJC_ISA_USAGE = YES_ERROR;
				CLANG_WARN_DOCUMENTATION_COMMENTS = YES;
				CLANG_WARN_EMPTY_BODY = YES;
				CLANG_WARN_ENUM_CONVERSION = YES;
				CLANG_WARN_INFINITE_RECURSION = YES;
				CLANG_WARN_INT_CONVERSION = YES;
				CLANG_WARN_NON_LITERAL_NULL_CONVERSION = YES;
				CLANG_WARN_OBJC_IMPLICIT_RETAIN_SELF = YES;
				CLANG_WARN_OBJC_LITERAL_CONVERSION = YES;
				CLANG_WARN_OBJC_ROOT_CLASS = YES_ERROR;
				CLANG_WARN_QUOTED_INCLUDE_IN_FRAMEWORK_HEADER = YES;
				CLANG_WARN_RANGE_LOOP_ANALYSIS = YES;
				CLANG_WARN_STRICT_PROTOTYPES = YES;
				CLANG_WARN_SUSPICIOUS_MOVE = YES;
				CLANG_WARN_UNGUARDED_AVAILABILITY = YES_AGGRESSIVE;
				CLANG_WARN_UNREACHABLE_CODE = YES;
				CLANG_WARN__DUPLICATE_METHOD_MATCH = YES;
				COPY_PHASE_STRIP = NO;
				DEBUG_INFORMATION_FORMAT = dwarf;
				ENABLE_STRICT_OBJC_MSGSEND = YES;
				ENABLE_TESTABILITY = YES;
				GCC_C_LANGUAGE_STANDARD = gnu11;
				GCC_DYNAMIC_NO_PIC = NO;
				GCC_NO_COMMON_BLOCKS = YES;
				GCC_OPTIMIZATION_LEVEL = 0;
				GCC_PREPROCESSOR_DEFINITIONS = (
					"DEBUG=1",
					"$(inherited)",
				);
				GCC_WARN_64_TO_32_BIT_CONVERSION = YES;
				GCC_WARN_ABOUT_RETURN_TYPE = YES_ERROR;
				GCC_WARN_UNDECLARED_SELECTOR = YES;
				GCC_WARN_UNINITIALIZED_AUTOS = YES_AGGRESSIVE;
				GCC_WARN_UNUSED_FUNCTION = YES;
				GCC_WARN_UNUSED_VARIABLE = YES;
				IPHONEOS_DEPLOYMENT_TARGET = 15.4;
				MTL_ENABLE_DEBUG_INFO = INCLUDE_SOURCE;
				MTL_FAST_MATH = YES;
				ONLY_ACTIVE_ARCH = YES;
				SDKROOT = iphoneos;
				SWIFT_ACTIVE_COMPILATION_CONDITIONS = DEBUG;
				SWIFT_OPTIMIZATION_LEVEL = "-Onone";
			};
			name = Debug;
		};
		862BF88927E3FDE60056A45B /* Release */ = {
			isa = XCBuildConfiguration;
			buildSettings = {
				ALWAYS_SEARCH_USER_PATHS = NO;
				CLANG_ANALYZER_NONNULL = YES;
				CLANG_ANALYZER_NUMBER_OBJECT_CONVERSION = YES_AGGRESSIVE;
				CLANG_CXX_LANGUAGE_STANDARD = "gnu++17";
				CLANG_ENABLE_MODULES = YES;
				CLANG_ENABLE_OBJC_ARC = YES;
				CLANG_ENABLE_OBJC_WEAK = YES;
				CLANG_WARN_BLOCK_CAPTURE_AUTORELEASING = YES;
				CLANG_WARN_BOOL_CONVERSION = YES;
				CLANG_WARN_COMMA = YES;
				CLANG_WARN_CONSTANT_CONVERSION = YES;
				CLANG_WARN_DEPRECATED_OBJC_IMPLEMENTATIONS = YES;
				CLANG_WARN_DIRECT_OBJC_ISA_USAGE = YES_ERROR;
				CLANG_WARN_DOCUMENTATION_COMMENTS = YES;
				CLANG_WARN_EMPTY_BODY = YES;
				CLANG_WARN_ENUM_CONVERSION = YES;
				CLANG_WARN_INFINITE_RECURSION = YES;
				CLANG_WARN_INT_CONVERSION = YES;
				CLANG_WARN_NON_LITERAL_NULL_CONVERSION = YES;
				CLANG_WARN_OBJC_IMPLICIT_RETAIN_SELF = YES;
				CLANG_WARN_OBJC_LITERAL_CONVERSION = YES;
				CLANG_WARN_OBJC_ROOT_CLASS = YES_ERROR;
				CLANG_WARN_QUOTED_INCLUDE_IN_FRAMEWORK_HEADER = YES;
				CLANG_WARN_RANGE_LOOP_ANALYSIS = YES;
				CLANG_WARN_STRICT_PROTOTYPES = YES;
				CLANG_WARN_SUSPICIOUS_MOVE = YES;
				CLANG_WARN_UNGUARDED_AVAILABILITY = YES_AGGRESSIVE;
				CLANG_WARN_UNREACHABLE_CODE = YES;
				CLANG_WARN__DUPLICATE_METHOD_MATCH = YES;
				COPY_PHASE_STRIP = NO;
				DEBUG_INFORMATION_FORMAT = "dwarf-with-dsym";
				ENABLE_NS_ASSERTIONS = NO;
				ENABLE_STRICT_OBJC_MSGSEND = YES;
				GCC_C_LANGUAGE_STANDARD = gnu11;
				GCC_NO_COMMON_BLOCKS = YES;
				GCC_WARN_64_TO_32_BIT_CONVERSION = YES;
				GCC_WARN_ABOUT_RETURN_TYPE = YES_ERROR;
				GCC_WARN_UNDECLARED_SELECTOR = YES;
				GCC_WARN_UNINITIALIZED_AUTOS = YES_AGGRESSIVE;
				GCC_WARN_UNUSED_FUNCTION = YES;
				GCC_WARN_UNUSED_VARIABLE = YES;
				IPHONEOS_DEPLOYMENT_TARGET = 15.4;
				MTL_ENABLE_DEBUG_INFO = NO;
				MTL_FAST_MATH = YES;
				SDKROOT = iphoneos;
				SWIFT_COMPILATION_MODE = wholemodule;
				SWIFT_OPTIMIZATION_LEVEL = "-O";
				VALIDATE_PRODUCT = YES;
			};
			name = Release;
		};
		862BF88B27E3FDE60056A45B /* Debug */ = {
			isa = XCBuildConfiguration;
			buildSettings = {
				ASSETCATALOG_COMPILER_APPICON_NAME = AppIcon;
				ASSETCATALOG_COMPILER_GLOBAL_ACCENT_COLOR_NAME = AccentColor;
				CODE_SIGN_STYLE = Automatic;
				CURRENT_PROJECT_VERSION = 1;
				DEVELOPMENT_TEAM = B4C4BK3TF8;
				GENERATE_INFOPLIST_FILE = YES;
				INFOPLIST_FILE = github_api_sample_app_ios_viper/Info.plist;
				INFOPLIST_KEY_UIApplicationSupportsIndirectInputEvents = YES;
				INFOPLIST_KEY_UILaunchStoryboardName = LaunchScreen;
				INFOPLIST_KEY_UIMainStoryboardFile = Main;
				INFOPLIST_KEY_UISupportedInterfaceOrientations_iPad = "UIInterfaceOrientationPortrait UIInterfaceOrientationPortraitUpsideDown UIInterfaceOrientationLandscapeLeft UIInterfaceOrientationLandscapeRight";
				INFOPLIST_KEY_UISupportedInterfaceOrientations_iPhone = "UIInterfaceOrientationPortrait UIInterfaceOrientationLandscapeLeft UIInterfaceOrientationLandscapeRight";
				LD_RUNPATH_SEARCH_PATHS = (
					"$(inherited)",
					"@executable_path/Frameworks",
				);
				MARKETING_VERSION = 0.1.0;
				PRODUCT_BUNDLE_IDENTIFIER = "com.noringo.github-api-sample-app-ios-viper";
				PRODUCT_NAME = "$(TARGET_NAME)";
				SWIFT_EMIT_LOC_STRINGS = YES;
				SWIFT_VERSION = 5.0;
				TARGETED_DEVICE_FAMILY = "1,2";
			};
			name = Debug;
		};
		862BF88C27E3FDE60056A45B /* Release */ = {
			isa = XCBuildConfiguration;
			buildSettings = {
				ASSETCATALOG_COMPILER_APPICON_NAME = AppIcon;
				ASSETCATALOG_COMPILER_GLOBAL_ACCENT_COLOR_NAME = AccentColor;
				CODE_SIGN_STYLE = Automatic;
				CURRENT_PROJECT_VERSION = 1;
				DEVELOPMENT_TEAM = B4C4BK3TF8;
				GENERATE_INFOPLIST_FILE = YES;
				INFOPLIST_FILE = github_api_sample_app_ios_viper/Info.plist;
				INFOPLIST_KEY_UIApplicationSupportsIndirectInputEvents = YES;
				INFOPLIST_KEY_UILaunchStoryboardName = LaunchScreen;
				INFOPLIST_KEY_UIMainStoryboardFile = Main;
				INFOPLIST_KEY_UISupportedInterfaceOrientations_iPad = "UIInterfaceOrientationPortrait UIInterfaceOrientationPortraitUpsideDown UIInterfaceOrientationLandscapeLeft UIInterfaceOrientationLandscapeRight";
				INFOPLIST_KEY_UISupportedInterfaceOrientations_iPhone = "UIInterfaceOrientationPortrait UIInterfaceOrientationLandscapeLeft UIInterfaceOrientationLandscapeRight";
				LD_RUNPATH_SEARCH_PATHS = (
					"$(inherited)",
					"@executable_path/Frameworks",
				);
				MARKETING_VERSION = 0.1.0;
				PRODUCT_BUNDLE_IDENTIFIER = "com.noringo.github-api-sample-app-ios-viper";
				PRODUCT_NAME = "$(TARGET_NAME)";
				SWIFT_EMIT_LOC_STRINGS = YES;
				SWIFT_VERSION = 5.0;
				TARGETED_DEVICE_FAMILY = "1,2";
			};
			name = Release;
		};
		862BF88E27E3FDE60056A45B /* Debug */ = {
			isa = XCBuildConfiguration;
			buildSettings = {
				ALWAYS_EMBED_SWIFT_STANDARD_LIBRARIES = YES;
				BUNDLE_LOADER = "$(TEST_HOST)";
				CODE_SIGN_STYLE = Automatic;
				CURRENT_PROJECT_VERSION = 1;
				DEVELOPMENT_TEAM = B4C4BK3TF8;
				GENERATE_INFOPLIST_FILE = YES;
				IPHONEOS_DEPLOYMENT_TARGET = 15.4;
				MARKETING_VERSION = 1.0;
				PRODUCT_BUNDLE_IDENTIFIER = "com.noringo.github-api-sample-app-ios-viperTests";
				PRODUCT_NAME = "$(TARGET_NAME)";
				SWIFT_EMIT_LOC_STRINGS = NO;
				SWIFT_VERSION = 5.0;
				TARGETED_DEVICE_FAMILY = "1,2";
				TEST_HOST = "$(BUILT_PRODUCTS_DIR)/github_api_sample_app_ios_viper.app/github_api_sample_app_ios_viper";
			};
			name = Debug;
		};
		862BF88F27E3FDE60056A45B /* Release */ = {
			isa = XCBuildConfiguration;
			buildSettings = {
				ALWAYS_EMBED_SWIFT_STANDARD_LIBRARIES = YES;
				BUNDLE_LOADER = "$(TEST_HOST)";
				CODE_SIGN_STYLE = Automatic;
				CURRENT_PROJECT_VERSION = 1;
				DEVELOPMENT_TEAM = B4C4BK3TF8;
				GENERATE_INFOPLIST_FILE = YES;
				IPHONEOS_DEPLOYMENT_TARGET = 15.4;
				MARKETING_VERSION = 1.0;
				PRODUCT_BUNDLE_IDENTIFIER = "com.noringo.github-api-sample-app-ios-viperTests";
				PRODUCT_NAME = "$(TARGET_NAME)";
				SWIFT_EMIT_LOC_STRINGS = NO;
				SWIFT_VERSION = 5.0;
				TARGETED_DEVICE_FAMILY = "1,2";
				TEST_HOST = "$(BUILT_PRODUCTS_DIR)/github_api_sample_app_ios_viper.app/github_api_sample_app_ios_viper";
			};
			name = Release;
		};
		862BF89127E3FDE60056A45B /* Debug */ = {
			isa = XCBuildConfiguration;
			buildSettings = {
				ALWAYS_EMBED_SWIFT_STANDARD_LIBRARIES = YES;
				CODE_SIGN_STYLE = Automatic;
				CURRENT_PROJECT_VERSION = 1;
				DEVELOPMENT_TEAM = B4C4BK3TF8;
				GENERATE_INFOPLIST_FILE = YES;
				MARKETING_VERSION = 1.0;
				PRODUCT_BUNDLE_IDENTIFIER = "com.noringo.github-api-sample-app-ios-viperUITests";
				PRODUCT_NAME = "$(TARGET_NAME)";
				SWIFT_EMIT_LOC_STRINGS = NO;
				SWIFT_VERSION = 5.0;
				TARGETED_DEVICE_FAMILY = "1,2";
				TEST_TARGET_NAME = github_api_sample_app_ios_viper;
			};
			name = Debug;
		};
		862BF89227E3FDE60056A45B /* Release */ = {
			isa = XCBuildConfiguration;
			buildSettings = {
				ALWAYS_EMBED_SWIFT_STANDARD_LIBRARIES = YES;
				CODE_SIGN_STYLE = Automatic;
				CURRENT_PROJECT_VERSION = 1;
				DEVELOPMENT_TEAM = B4C4BK3TF8;
				GENERATE_INFOPLIST_FILE = YES;
				MARKETING_VERSION = 1.0;
				PRODUCT_BUNDLE_IDENTIFIER = "com.noringo.github-api-sample-app-ios-viperUITests";
				PRODUCT_NAME = "$(TARGET_NAME)";
				SWIFT_EMIT_LOC_STRINGS = NO;
				SWIFT_VERSION = 5.0;
				TARGETED_DEVICE_FAMILY = "1,2";
				TEST_TARGET_NAME = github_api_sample_app_ios_viper;
			};
			name = Release;
		};
/* End XCBuildConfiguration section */

/* Begin XCConfigurationList section */
		862BF85B27E3FDE40056A45B /* Build configuration list for PBXProject "github_api_sample_app_ios_viper" */ = {
			isa = XCConfigurationList;
			buildConfigurations = (
				862BF88827E3FDE60056A45B /* Debug */,
				862BF88927E3FDE60056A45B /* Release */,
			);
			defaultConfigurationIsVisible = 0;
			defaultConfigurationName = Release;
		};
		862BF88A27E3FDE60056A45B /* Build configuration list for PBXNativeTarget "github_api_sample_app_ios_viper" */ = {
			isa = XCConfigurationList;
			buildConfigurations = (
				862BF88B27E3FDE60056A45B /* Debug */,
				862BF88C27E3FDE60056A45B /* Release */,
			);
			defaultConfigurationIsVisible = 0;
			defaultConfigurationName = Release;
		};
		862BF88D27E3FDE60056A45B /* Build configuration list for PBXNativeTarget "github_api_sample_app_ios_viperTests" */ = {
			isa = XCConfigurationList;
			buildConfigurations = (
				862BF88E27E3FDE60056A45B /* Debug */,
				862BF88F27E3FDE60056A45B /* Release */,
			);
			defaultConfigurationIsVisible = 0;
			defaultConfigurationName = Release;
		};
		862BF89027E3FDE60056A45B /* Build configuration list for PBXNativeTarget "github_api_sample_app_ios_viperUITests" */ = {
			isa = XCConfigurationList;
			buildConfigurations = (
				862BF89127E3FDE60056A45B /* Debug */,
				862BF89227E3FDE60056A45B /* Release */,
			);
			defaultConfigurationIsVisible = 0;
			defaultConfigurationName = Release;
		};
/* End XCConfigurationList section */
	};
	rootObject = 862BF85827E3FDE40056A45B /* Project object */;
}
