// !$*UTF8*$!
{
	archiveVersion = 1;
	classes = {
	};
	objectVersion = 55;
	objects = {

/* Begin PBXBuildFile section */
		0198CF0D8F1064564513A48F /* Pods_github_api_sample_app_ios_viperUITests.framework in Frameworks */ = {isa = PBXBuildFile; fileRef = 24F696813D8A2153057194AA /* Pods_github_api_sample_app_ios_viperUITests.framework */; };
		01E7EE0438C2B924B31A71E3 /* SplashViewController.swift in Sources */ = {isa = PBXBuildFile; fileRef = 16C243434D4EF57ADDAAB632 /* SplashViewController.swift */; };
		0DA4DC0BD4E57247522D6332 /* Pods_github_api_sample_app_ios_viper.framework in Frameworks */ = {isa = PBXBuildFile; fileRef = 6A3C3F786AB1BF935F504414 /* Pods_github_api_sample_app_ios_viper.framework */; };
		1764DB802F972C44A7386895 /* TopViewController.swift in Sources */ = {isa = PBXBuildFile; fileRef = 2795F94737B9DEA8DA8F522C /* TopViewController.swift */; };
		1FA9B06E091CEA501A9E21BB /* GitHubUserListViewController.swift in Sources */ = {isa = PBXBuildFile; fileRef = 9A4C7328623E91D6FF84EE56 /* GitHubUserListViewController.swift */; };
		2B8B64DCF1A0800FD7151BCD /* SplashConfigurator.swift in Sources */ = {isa = PBXBuildFile; fileRef = B12E1E4DCF57141486259166 /* SplashConfigurator.swift */; };
		2D85AFC2149BB7D2D027C47B /* TopRouter.swift in Sources */ = {isa = PBXBuildFile; fileRef = C3879649F888BB31987B146A /* TopRouter.swift */; };
		3C35678EAA779B4929097571 /* TopConfigurator.swift in Sources */ = {isa = PBXBuildFile; fileRef = CE1554F317F24AB23157D1B0 /* TopConfigurator.swift */; };
		80231ADD70E013831C0F0E91 /* SplashRouter.swift in Sources */ = {isa = PBXBuildFile; fileRef = A7C8AA3919E69D8734847A58 /* SplashRouter.swift */; };
		862BF86427E3FDE40056A45B /* AppDelegate.swift in Sources */ = {isa = PBXBuildFile; fileRef = 862BF86327E3FDE40056A45B /* AppDelegate.swift */; };
		862BF86627E3FDE40056A45B /* SceneDelegate.swift in Sources */ = {isa = PBXBuildFile; fileRef = 862BF86527E3FDE40056A45B /* SceneDelegate.swift */; };
		862BF86D27E3FDE60056A45B /* Assets.xcassets in Resources */ = {isa = PBXBuildFile; fileRef = 862BF86C27E3FDE60056A45B /* Assets.xcassets */; };
		862BF87B27E3FDE60056A45B /* github_api_sample_app_ios_viperTests.swift in Sources */ = {isa = PBXBuildFile; fileRef = 862BF87A27E3FDE60056A45B /* github_api_sample_app_ios_viperTests.swift */; };
		862BF88527E3FDE60056A45B /* github_api_sample_app_ios_viperUITests.swift in Sources */ = {isa = PBXBuildFile; fileRef = 862BF88427E3FDE60056A45B /* github_api_sample_app_ios_viperUITests.swift */; };
		862BF88727E3FDE60056A45B /* github_api_sample_app_ios_viperUITestsLaunchTests.swift in Sources */ = {isa = PBXBuildFile; fileRef = 862BF88627E3FDE60056A45B /* github_api_sample_app_ios_viperUITestsLaunchTests.swift */; };
		862BF8A727E75ADA0056A45B /* R.generated.swift in Sources */ = {isa = PBXBuildFile; fileRef = 862BF8A627E75ADA0056A45B /* R.generated.swift */; };
		862BF8A927E9472B0056A45B /* Localizable.strings in Resources */ = {isa = PBXBuildFile; fileRef = 862BF8A827E9472B0056A45B /* Localizable.strings */; };
		862BF8AD27E9C8CE0056A45B /* Splash.storyboard in Resources */ = {isa = PBXBuildFile; fileRef = 862BF8AC27E9C8CE0056A45B /* Splash.storyboard */; };
		862BF8B127E9D4FC0056A45B /* Top.storyboard in Resources */ = {isa = PBXBuildFile; fileRef = 862BF8B027E9D4FC0056A45B /* Top.storyboard */; };
		862BF8B327EAB01F0056A45B /* GitHubUserList.storyboard in Resources */ = {isa = PBXBuildFile; fileRef = 862BF8B227EAB01F0056A45B /* GitHubUserList.storyboard */; };
		862BF8B927EACED70056A45B /* GitHubUser.swift in Sources */ = {isa = PBXBuildFile; fileRef = 862BF8B827EACED70056A45B /* GitHubUser.swift */; };
		862BF8BC27EAD3E70056A45B /* GitHubUserTest.swift in Sources */ = {isa = PBXBuildFile; fileRef = 862BF8BB27EAD3E70056A45B /* GitHubUserTest.swift */; };
		BE153B2D7D4C6E7230AD0B8C /* TopPresenter.swift in Sources */ = {isa = PBXBuildFile; fileRef = 6D91F203B93A2BC40E079E70 /* TopPresenter.swift */; };
		C48ACE8B8F31F1029E6F60A2 /* GitHubUserListPresenter.swift in Sources */ = {isa = PBXBuildFile; fileRef = B85470E6BAF4C03704540AAD /* GitHubUserListPresenter.swift */; };
		D327D0B97EDE886C254CE192 /* GitHubUserListConfigurator.swift in Sources */ = {isa = PBXBuildFile; fileRef = FD70B52EAC170C729D48530C /* GitHubUserListConfigurator.swift */; };
		E607FE83EE68F41911C6FF1D /* SplashPresenter.swift in Sources */ = {isa = PBXBuildFile; fileRef = 5D817F8431D5897D1583F035 /* SplashPresenter.swift */; };
		E864905EC8C8FCDC9C6EB9E4 /* GitHubUserListRouter.swift in Sources */ = {isa = PBXBuildFile; fileRef = 12B9CF70E8B48DC4F73DF610 /* GitHubUserListRouter.swift */; };
		F0C2D3725831C8534C4AA8A0 /* Pods_github_api_sample_app_ios_viperTests.framework in Frameworks */ = {isa = PBXBuildFile; fileRef = 77679E23B8C333B8267D0440 /* Pods_github_api_sample_app_ios_viperTests.framework */; };
/* End PBXBuildFile section */

/* Begin PBXContainerItemProxy section */
		862BF87727E3FDE60056A45B /* PBXContainerItemProxy */ = {
			isa = PBXContainerItemProxy;
			containerPortal = 862BF85827E3FDE40056A45B /* Project object */;
			proxyType = 1;
			remoteGlobalIDString = 862BF85F27E3FDE40056A45B;
			remoteInfo = github_api_sample_app_ios_viper;
		};
		862BF88127E3FDE60056A45B /* PBXContainerItemProxy */ = {
			isa = PBXContainerItemProxy;
			containerPortal = 862BF85827E3FDE40056A45B /* Project object */;
			proxyType = 1;
			remoteGlobalIDString = 862BF85F27E3FDE40056A45B;
			remoteInfo = github_api_sample_app_ios_viper;
		};
/* End PBXContainerItemProxy section */

/* Begin PBXFileReference section */
		12B9CF70E8B48DC4F73DF610 /* GitHubUserListRouter.swift */ = {isa = PBXFileReference; includeInIndex = 1; lastKnownFileType = sourcecode.swift; path = GitHubUserListRouter.swift; sourceTree = "<group>"; };
		16C243434D4EF57ADDAAB632 /* SplashViewController.swift */ = {isa = PBXFileReference; includeInIndex = 1; lastKnownFileType = sourcecode.swift; path = SplashViewController.swift; sourceTree = "<group>"; };
		24F696813D8A2153057194AA /* Pods_github_api_sample_app_ios_viperUITests.framework */ = {isa = PBXFileReference; explicitFileType = wrapper.framework; includeInIndex = 0; path = Pods_github_api_sample_app_ios_viperUITests.framework; sourceTree = BUILT_PRODUCTS_DIR; };
		2795F94737B9DEA8DA8F522C /* TopViewController.swift */ = {isa = PBXFileReference; includeInIndex = 1; lastKnownFileType = sourcecode.swift; path = TopViewController.swift; sourceTree = "<group>"; };
		43B0348ACE120610705A4F32 /* Pods-github_api_sample_app_ios_viperUITests.release.xcconfig */ = {isa = PBXFileReference; includeInIndex = 1; lastKnownFileType = text.xcconfig; name = "Pods-github_api_sample_app_ios_viperUITests.release.xcconfig"; path = "Target Support Files/Pods-github_api_sample_app_ios_viperUITests/Pods-github_api_sample_app_ios_viperUITests.release.xcconfig"; sourceTree = "<group>"; };
		5D817F8431D5897D1583F035 /* SplashPresenter.swift */ = {isa = PBXFileReference; includeInIndex = 1; lastKnownFileType = sourcecode.swift; path = SplashPresenter.swift; sourceTree = "<group>"; };
		6A3C3F786AB1BF935F504414 /* Pods_github_api_sample_app_ios_viper.framework */ = {isa = PBXFileReference; explicitFileType = wrapper.framework; includeInIndex = 0; path = Pods_github_api_sample_app_ios_viper.framework; sourceTree = BUILT_PRODUCTS_DIR; };
		6D91F203B93A2BC40E079E70 /* TopPresenter.swift */ = {isa = PBXFileReference; includeInIndex = 1; lastKnownFileType = sourcecode.swift; path = TopPresenter.swift; sourceTree = "<group>"; };
		77679E23B8C333B8267D0440 /* Pods_github_api_sample_app_ios_viperTests.framework */ = {isa = PBXFileReference; explicitFileType = wrapper.framework; includeInIndex = 0; path = Pods_github_api_sample_app_ios_viperTests.framework; sourceTree = BUILT_PRODUCTS_DIR; };
		81B8C690B1270A4E8DFF94D5 /* Pods-github_api_sample_app_ios_viperTests.debug.xcconfig */ = {isa = PBXFileReference; includeInIndex = 1; lastKnownFileType = text.xcconfig; name = "Pods-github_api_sample_app_ios_viperTests.debug.xcconfig"; path = "Target Support Files/Pods-github_api_sample_app_ios_viperTests/Pods-github_api_sample_app_ios_viperTests.debug.xcconfig"; sourceTree = "<group>"; };
		862BF86027E3FDE40056A45B /* github_api_sample_app_ios_viper.app */ = {isa = PBXFileReference; explicitFileType = wrapper.application; includeInIndex = 0; path = github_api_sample_app_ios_viper.app; sourceTree = BUILT_PRODUCTS_DIR; };
		862BF86327E3FDE40056A45B /* AppDelegate.swift */ = {isa = PBXFileReference; lastKnownFileType = sourcecode.swift; path = AppDelegate.swift; sourceTree = "<group>"; };
		862BF86527E3FDE40056A45B /* SceneDelegate.swift */ = {isa = PBXFileReference; lastKnownFileType = sourcecode.swift; path = SceneDelegate.swift; sourceTree = "<group>"; };
		862BF86C27E3FDE60056A45B /* Assets.xcassets */ = {isa = PBXFileReference; lastKnownFileType = folder.assetcatalog; path = Assets.xcassets; sourceTree = "<group>"; };
		862BF87127E3FDE60056A45B /* Info.plist */ = {isa = PBXFileReference; lastKnownFileType = text.plist.xml; path = Info.plist; sourceTree = "<group>"; };
		862BF87627E3FDE60056A45B /* github_api_sample_app_ios_viperTests.xctest */ = {isa = PBXFileReference; explicitFileType = wrapper.cfbundle; includeInIndex = 0; path = github_api_sample_app_ios_viperTests.xctest; sourceTree = BUILT_PRODUCTS_DIR; };
		862BF87A27E3FDE60056A45B /* github_api_sample_app_ios_viperTests.swift */ = {isa = PBXFileReference; lastKnownFileType = sourcecode.swift; path = github_api_sample_app_ios_viperTests.swift; sourceTree = "<group>"; };
		862BF88027E3FDE60056A45B /* github_api_sample_app_ios_viperUITests.xctest */ = {isa = PBXFileReference; explicitFileType = wrapper.cfbundle; includeInIndex = 0; path = github_api_sample_app_ios_viperUITests.xctest; sourceTree = BUILT_PRODUCTS_DIR; };
		862BF88427E3FDE60056A45B /* github_api_sample_app_ios_viperUITests.swift */ = {isa = PBXFileReference; lastKnownFileType = sourcecode.swift; path = github_api_sample_app_ios_viperUITests.swift; sourceTree = "<group>"; };
		862BF88627E3FDE60056A45B /* github_api_sample_app_ios_viperUITestsLaunchTests.swift */ = {isa = PBXFileReference; lastKnownFileType = sourcecode.swift; path = github_api_sample_app_ios_viperUITestsLaunchTests.swift; sourceTree = "<group>"; };
		862BF8A627E75ADA0056A45B /* R.generated.swift */ = {isa = PBXFileReference; fileEncoding = 4; lastKnownFileType = sourcecode.swift; path = R.generated.swift; sourceTree = SOURCE_ROOT; };
		862BF8A827E9472B0056A45B /* Localizable.strings */ = {isa = PBXFileReference; lastKnownFileType = text.plist.strings; path = Localizable.strings; sourceTree = "<group>"; };
		862BF8AC27E9C8CE0056A45B /* Splash.storyboard */ = {isa = PBXFileReference; lastKnownFileType = file.storyboard; path = Splash.storyboard; sourceTree = "<group>"; };
		862BF8B027E9D4FC0056A45B /* Top.storyboard */ = {isa = PBXFileReference; lastKnownFileType = file.storyboard; path = Top.storyboard; sourceTree = "<group>"; };
		862BF8B227EAB01F0056A45B /* GitHubUserList.storyboard */ = {isa = PBXFileReference; lastKnownFileType = file.storyboard; path = GitHubUserList.storyboard; sourceTree = "<group>"; };
		862BF8B827EACED70056A45B /* GitHubUser.swift */ = {isa = PBXFileReference; lastKnownFileType = sourcecode.swift; path = GitHubUser.swift; sourceTree = "<group>"; };
		862BF8BB27EAD3E70056A45B /* GitHubUserTest.swift */ = {isa = PBXFileReference; lastKnownFileType = sourcecode.swift; path = GitHubUserTest.swift; sourceTree = "<group>"; };
		885F53DEEB6FC9CBBBD09982 /* Pods-github_api_sample_app_ios_viperTests.release.xcconfig */ = {isa = PBXFileReference; includeInIndex = 1; lastKnownFileType = text.xcconfig; name = "Pods-github_api_sample_app_ios_viperTests.release.xcconfig"; path = "Target Support Files/Pods-github_api_sample_app_ios_viperTests/Pods-github_api_sample_app_ios_viperTests.release.xcconfig"; sourceTree = "<group>"; };
		9A4C7328623E91D6FF84EE56 /* GitHubUserListViewController.swift */ = {isa = PBXFileReference; includeInIndex = 1; lastKnownFileType = sourcecode.swift; path = GitHubUserListViewController.swift; sourceTree = "<group>"; };
		A51CF0CA4C37FCDC276427BA /* Pods-github_api_sample_app_ios_viper.release.xcconfig */ = {isa = PBXFileReference; includeInIndex = 1; lastKnownFileType = text.xcconfig; name = "Pods-github_api_sample_app_ios_viper.release.xcconfig"; path = "Target Support Files/Pods-github_api_sample_app_ios_viper/Pods-github_api_sample_app_ios_viper.release.xcconfig"; sourceTree = "<group>"; };
		A7C8AA3919E69D8734847A58 /* SplashRouter.swift */ = {isa = PBXFileReference; includeInIndex = 1; lastKnownFileType = sourcecode.swift; path = SplashRouter.swift; sourceTree = "<group>"; };
		B12E1E4DCF57141486259166 /* SplashConfigurator.swift */ = {isa = PBXFileReference; includeInIndex = 1; lastKnownFileType = sourcecode.swift; path = SplashConfigurator.swift; sourceTree = "<group>"; };
		B85470E6BAF4C03704540AAD /* GitHubUserListPresenter.swift */ = {isa = PBXFileReference; includeInIndex = 1; lastKnownFileType = sourcecode.swift; path = GitHubUserListPresenter.swift; sourceTree = "<group>"; };
		C3879649F888BB31987B146A /* TopRouter.swift */ = {isa = PBXFileReference; includeInIndex = 1; lastKnownFileType = sourcecode.swift; path = TopRouter.swift; sourceTree = "<group>"; };
		CE1554F317F24AB23157D1B0 /* TopConfigurator.swift */ = {isa = PBXFileReference; includeInIndex = 1; lastKnownFileType = sourcecode.swift; path = TopConfigurator.swift; sourceTree = "<group>"; };
		D387E6A2EEAA0DD431A54A62 /* Pods-github_api_sample_app_ios_viperUITests.debug.xcconfig */ = {isa = PBXFileReference; includeInIndex = 1; lastKnownFileType = text.xcconfig; name = "Pods-github_api_sample_app_ios_viperUITests.debug.xcconfig"; path = "Target Support Files/Pods-github_api_sample_app_ios_viperUITests/Pods-github_api_sample_app_ios_viperUITests.debug.xcconfig"; sourceTree = "<group>"; };
		E7CD96186100329A024E836A /* Pods-github_api_sample_app_ios_viper.debug.xcconfig */ = {isa = PBXFileReference; includeInIndex = 1; lastKnownFileType = text.xcconfig; name = "Pods-github_api_sample_app_ios_viper.debug.xcconfig"; path = "Target Support Files/Pods-github_api_sample_app_ios_viper/Pods-github_api_sample_app_ios_viper.debug.xcconfig"; sourceTree = "<group>"; };
		FD70B52EAC170C729D48530C /* GitHubUserListConfigurator.swift */ = {isa = PBXFileReference; includeInIndex = 1; lastKnownFileType = sourcecode.swift; path = GitHubUserListConfigurator.swift; sourceTree = "<group>"; };
/* End PBXFileReference section */

/* Begin PBXFrameworksBuildPhase section */
		862BF85D27E3FDE40056A45B /* Frameworks */ = {
			isa = PBXFrameworksBuildPhase;
			buildActionMask = 2147483647;
			files = (
				0DA4DC0BD4E57247522D6332 /* Pods_github_api_sample_app_ios_viper.framework in Frameworks */,
			);
			runOnlyForDeploymentPostprocessing = 0;
		};
		862BF87327E3FDE60056A45B /* Frameworks */ = {
			isa = PBXFrameworksBuildPhase;
			buildActionMask = 2147483647;
			files = (
				F0C2D3725831C8534C4AA8A0 /* Pods_github_api_sample_app_ios_viperTests.framework in Frameworks */,
			);
			runOnlyForDeploymentPostprocessing = 0;
		};
		862BF87D27E3FDE60056A45B /* Frameworks */ = {
			isa = PBXFrameworksBuildPhase;
			buildActionMask = 2147483647;
			files = (
				0198CF0D8F1064564513A48F /* Pods_github_api_sample_app_ios_viperUITests.framework in Frameworks */,
			);
			runOnlyForDeploymentPostprocessing = 0;
		};
/* End PBXFrameworksBuildPhase section */

/* Begin PBXGroup section */
		57F3B68AAD4B2044BF448600 /* GitHubUserList */ = {
			isa = PBXGroup;
			children = (
				862BF8B227EAB01F0056A45B /* GitHubUserList.storyboard */,
				FD70B52EAC170C729D48530C /* GitHubUserListConfigurator.swift */,
				B85470E6BAF4C03704540AAD /* GitHubUserListPresenter.swift */,
				12B9CF70E8B48DC4F73DF610 /* GitHubUserListRouter.swift */,
				9A4C7328623E91D6FF84EE56 /* GitHubUserListViewController.swift */,
			);
			path = GitHubUserList;
			sourceTree = "<group>";
		};
		6B7A8174F77A6CA9C7008A83 /* Pods */ = {
			isa = PBXGroup;
			children = (
				E7CD96186100329A024E836A /* Pods-github_api_sample_app_ios_viper.debug.xcconfig */,
				A51CF0CA4C37FCDC276427BA /* Pods-github_api_sample_app_ios_viper.release.xcconfig */,
				81B8C690B1270A4E8DFF94D5 /* Pods-github_api_sample_app_ios_viperTests.debug.xcconfig */,
				885F53DEEB6FC9CBBBD09982 /* Pods-github_api_sample_app_ios_viperTests.release.xcconfig */,
				D387E6A2EEAA0DD431A54A62 /* Pods-github_api_sample_app_ios_viperUITests.debug.xcconfig */,
				43B0348ACE120610705A4F32 /* Pods-github_api_sample_app_ios_viperUITests.release.xcconfig */,
			);
			path = Pods;
			sourceTree = "<group>";
		};
		790F89A89926399374D3E392 /* Frameworks */ = {
			isa = PBXGroup;
			children = (
				6A3C3F786AB1BF935F504414 /* Pods_github_api_sample_app_ios_viper.framework */,
				77679E23B8C333B8267D0440 /* Pods_github_api_sample_app_ios_viperTests.framework */,
				24F696813D8A2153057194AA /* Pods_github_api_sample_app_ios_viperUITests.framework */,
			);
			name = Frameworks;
			sourceTree = "<group>";
		};
		862BF85727E3FDE40056A45B = {
			isa = PBXGroup;
			children = (
				862BF86227E3FDE40056A45B /* github_api_sample_app_ios_viper */,
				862BF87927E3FDE60056A45B /* github_api_sample_app_ios_viperTests */,
				862BF88327E3FDE60056A45B /* github_api_sample_app_ios_viperUITests */,
				862BF86127E3FDE40056A45B /* Products */,
				6B7A8174F77A6CA9C7008A83 /* Pods */,
				790F89A89926399374D3E392 /* Frameworks */,
			);
			sourceTree = "<group>";
		};
		862BF86127E3FDE40056A45B /* Products */ = {
			isa = PBXGroup;
			children = (
				862BF86027E3FDE40056A45B /* github_api_sample_app_ios_viper.app */,
				862BF87627E3FDE60056A45B /* github_api_sample_app_ios_viperTests.xctest */,
				862BF88027E3FDE60056A45B /* github_api_sample_app_ios_viperUITests.xctest */,
			);
			name = Products;
			sourceTree = "<group>";
		};
		862BF86227E3FDE40056A45B /* github_api_sample_app_ios_viper */ = {
			isa = PBXGroup;
			children = (
				862BF87127E3FDE60056A45B /* Info.plist */,
				862BF8A827E9472B0056A45B /* Localizable.strings */,
				862BF8A627E75ADA0056A45B /* R.generated.swift */,
				862BF89327E420680056A45B /* AppMangement */,
				862BF89527E420F00056A45B /* Data */,
				862BF89627E421080056A45B /* Domain */,
				862BF89A27E4214E0056A45B /* Extensions */,
				862BF89B27E4217A0056A45B /* FrameWork */,
				862BF89C27E421910056A45B /* NetWork */,
				862BF89427E420C70056A45B /* Scenes */,
			);
			path = github_api_sample_app_ios_viper;
			sourceTree = "<group>";
		};
		862BF87927E3FDE60056A45B /* github_api_sample_app_ios_viperTests */ = {
			isa = PBXGroup;
			children = (
				862BF87A27E3FDE60056A45B /* github_api_sample_app_ios_viperTests.swift */,
				862BF8BA27EAD3C00056A45B /* EntityTest */,
			);
			path = github_api_sample_app_ios_viperTests;
			sourceTree = "<group>";
		};
		862BF88327E3FDE60056A45B /* github_api_sample_app_ios_viperUITests */ = {
			isa = PBXGroup;
			children = (
				862BF88427E3FDE60056A45B /* github_api_sample_app_ios_viperUITests.swift */,
				862BF88627E3FDE60056A45B /* github_api_sample_app_ios_viperUITestsLaunchTests.swift */,
			);
			path = github_api_sample_app_ios_viperUITests;
			sourceTree = "<group>";
		};
		862BF89327E420680056A45B /* AppMangement */ = {
			isa = PBXGroup;
			children = (
				862BF86327E3FDE40056A45B /* AppDelegate.swift */,
				862BF86527E3FDE40056A45B /* SceneDelegate.swift */,
				862BF86C27E3FDE60056A45B /* Assets.xcassets */,
			);
			path = AppMangement;
			sourceTree = "<group>";
		};
		862BF89427E420C70056A45B /* Scenes */ = {
			isa = PBXGroup;
			children = (
				57F3B68AAD4B2044BF448600 /* GitHubUserList */,
				8A02DAEF995A647DA15C8FDC /* Splash */,
				9A6073EF1D28D2F8BDDD57AA /* Top */,
			);
			path = Scenes;
			sourceTree = "<group>";
		};
		862BF89527E420F00056A45B /* Data */ = {
			isa = PBXGroup;
			children = (
			);
			path = Data;
			sourceTree = "<group>";
		};
		862BF89627E421080056A45B /* Domain */ = {
			isa = PBXGroup;
			children = (
				862BF89727E421280056A45B /* Entity */,
				862BF89827E421310056A45B /* Repository */,
				862BF89927E4213B0056A45B /* UseCase */,
				862BF8A127E46BEA0056A45B /* ValueObject */,
			);
			path = Domain;
			sourceTree = "<group>";
		};
		862BF89727E421280056A45B /* Entity */ = {
			isa = PBXGroup;
			children = (
				862BF8B827EACED70056A45B /* GitHubUser.swift */,
			);
			path = Entity;
			sourceTree = "<group>";
		};
		862BF89827E421310056A45B /* Repository */ = {
			isa = PBXGroup;
			children = (
			);
			path = Repository;
			sourceTree = "<group>";
		};
		862BF89927E4213B0056A45B /* UseCase */ = {
			isa = PBXGroup;
			children = (
			);
			path = UseCase;
			sourceTree = "<group>";
		};
		862BF89A27E4214E0056A45B /* Extensions */ = {
			isa = PBXGroup;
			children = (
			);
			path = Extensions;
			sourceTree = "<group>";
		};
		862BF89B27E4217A0056A45B /* FrameWork */ = {
			isa = PBXGroup;
			children = (
			);
			path = FrameWork;
			sourceTree = "<group>";
		};
		862BF89C27E421910056A45B /* NetWork */ = {
			isa = PBXGroup;
			children = (
				862BF89D27E4219B0056A45B /* API */,
				862BF89E27E421A70056A45B /* APIClient */,
				862BF89F27E421B50056A45B /* Request */,
				862BF8A027E421CB0056A45B /* Response */,
			);
			path = NetWork;
			sourceTree = "<group>";
		};
		862BF89D27E4219B0056A45B /* API */ = {
			isa = PBXGroup;
			children = (
			);
			path = API;
			sourceTree = "<group>";
		};
		862BF89E27E421A70056A45B /* APIClient */ = {
			isa = PBXGroup;
			children = (
			);
			path = APIClient;
			sourceTree = "<group>";
		};
		862BF89F27E421B50056A45B /* Request */ = {
			isa = PBXGroup;
			children = (
			);
			path = Request;
			sourceTree = "<group>";
		};
		862BF8A027E421CB0056A45B /* Response */ = {
			isa = PBXGroup;
			children = (
			);
			path = Response;
			sourceTree = "<group>";
		};
		862BF8A127E46BEA0056A45B /* ValueObject */ = {
			isa = PBXGroup;
			children = (
			);
			path = ValueObject;
			sourceTree = "<group>";
		};
		862BF8BA27EAD3C00056A45B /* EntityTest */ = {
			isa = PBXGroup;
			children = (
				862BF8BB27EAD3E70056A45B /* GitHubUserTest.swift */,
			);
			path = EntityTest;
			sourceTree = "<group>";
		};
		8A02DAEF995A647DA15C8FDC /* Splash */ = {
			isa = PBXGroup;
			children = (
				862BF8AC27E9C8CE0056A45B /* Splash.storyboard */,
				B12E1E4DCF57141486259166 /* SplashConfigurator.swift */,
				5D817F8431D5897D1583F035 /* SplashPresenter.swift */,
				A7C8AA3919E69D8734847A58 /* SplashRouter.swift */,
				16C243434D4EF57ADDAAB632 /* SplashViewController.swift */,
			);
			path = Splash;
			sourceTree = "<group>";
		};
		9A6073EF1D28D2F8BDDD57AA /* Top */ = {
			isa = PBXGroup;
			children = (
				862BF8B027E9D4FC0056A45B /* Top.storyboard */,
				CE1554F317F24AB23157D1B0 /* TopConfigurator.swift */,
				6D91F203B93A2BC40E079E70 /* TopPresenter.swift */,
				C3879649F888BB31987B146A /* TopRouter.swift */,
				2795F94737B9DEA8DA8F522C /* TopViewController.swift */,
			);
			path = Top;
			sourceTree = "<group>";
		};
/* End PBXGroup section */

/* Begin PBXNativeTarget section */
		862BF85F27E3FDE40056A45B /* github_api_sample_app_ios_viper */ = {
			isa = PBXNativeTarget;
			buildConfigurationList = 862BF88A27E3FDE60056A45B /* Build configuration list for PBXNativeTarget "github_api_sample_app_ios_viper" */;
			buildPhases = (
				9AD6CA765FDA5B86D8A98709 /* [CP] Check Pods Manifest.lock */,
				862BF8A327E587130056A45B /* Run SwiftFormat */,
				862BF8A527E592970056A45B /* Run R.swift */,
				862BF85C27E3FDE40056A45B /* Sources */,
				862BF85D27E3FDE40056A45B /* Frameworks */,
				862BF85E27E3FDE40056A45B /* Resources */,
				04A2D989DE390A2234CFD00D /* [CP] Embed Pods Frameworks */,
				862BF8A427E58C720056A45B /* Run SwiftLint */,
			);
			buildRules = (
			);
			dependencies = (
			);
			name = github_api_sample_app_ios_viper;
			productName = github_api_sample_app_ios_viper;
			productReference = 862BF86027E3FDE40056A45B /* github_api_sample_app_ios_viper.app */;
			productType = "com.apple.product-type.application";
		};
		862BF87527E3FDE60056A45B /* github_api_sample_app_ios_viperTests */ = {
			isa = PBXNativeTarget;
			buildConfigurationList = 862BF88D27E3FDE60056A45B /* Build configuration list for PBXNativeTarget "github_api_sample_app_ios_viperTests" */;
			buildPhases = (
				DCBD1EBFC785FD1E94437BF5 /* [CP] Check Pods Manifest.lock */,
				862BF87227E3FDE60056A45B /* Sources */,
				862BF87327E3FDE60056A45B /* Frameworks */,
				862BF87427E3FDE60056A45B /* Resources */,
				C9BE04A7772CDE3710D13EB8 /* [CP] Embed Pods Frameworks */,
			);
			buildRules = (
			);
			dependencies = (
				862BF87827E3FDE60056A45B /* PBXTargetDependency */,
			);
			name = github_api_sample_app_ios_viperTests;
			productName = github_api_sample_app_ios_viperTests;
			productReference = 862BF87627E3FDE60056A45B /* github_api_sample_app_ios_viperTests.xctest */;
			productType = "com.apple.product-type.bundle.unit-test";
		};
		862BF87F27E3FDE60056A45B /* github_api_sample_app_ios_viperUITests */ = {
			isa = PBXNativeTarget;
			buildConfigurationList = 862BF89027E3FDE60056A45B /* Build configuration list for PBXNativeTarget "github_api_sample_app_ios_viperUITests" */;
			buildPhases = (
				001DBB8FC23A839C43765E16 /* [CP] Check Pods Manifest.lock */,
				862BF87C27E3FDE60056A45B /* Sources */,
				862BF87D27E3FDE60056A45B /* Frameworks */,
				862BF87E27E3FDE60056A45B /* Resources */,
				035A296FFE2F9327E909CEC3 /* [CP] Embed Pods Frameworks */,
			);
			buildRules = (
			);
			dependencies = (
				862BF88227E3FDE60056A45B /* PBXTargetDependency */,
			);
			name = github_api_sample_app_ios_viperUITests;
			productName = github_api_sample_app_ios_viperUITests;
			productReference = 862BF88027E3FDE60056A45B /* github_api_sample_app_ios_viperUITests.xctest */;
			productType = "com.apple.product-type.bundle.ui-testing";
		};
/* End PBXNativeTarget section */

/* Begin PBXProject section */
		862BF85827E3FDE40056A45B /* Project object */ = {
			isa = PBXProject;
			attributes = {
				BuildIndependentTargetsInParallel = 1;
				LastSwiftUpdateCheck = 1330;
				LastUpgradeCheck = 1330;
				TargetAttributes = {
					862BF85F27E3FDE40056A45B = {
						CreatedOnToolsVersion = 13.3;
					};
					862BF87527E3FDE60056A45B = {
						CreatedOnToolsVersion = 13.3;
						TestTargetID = 862BF85F27E3FDE40056A45B;
					};
					862BF87F27E3FDE60056A45B = {
						CreatedOnToolsVersion = 13.3;
						TestTargetID = 862BF85F27E3FDE40056A45B;
					};
				};
			};
			buildConfigurationList = 862BF85B27E3FDE40056A45B /* Build configuration list for PBXProject "github_api_sample_app_ios_viper" */;
			compatibilityVersion = "Xcode 13.0";
			developmentRegion = en;
			hasScannedForEncodings = 0;
			knownRegions = (
				en,
				Base,
			);
			mainGroup = 862BF85727E3FDE40056A45B;
			productRefGroup = 862BF86127E3FDE40056A45B /* Products */;
			projectDirPath = "";
			projectRoot = "";
			targets = (
				862BF85F27E3FDE40056A45B /* github_api_sample_app_ios_viper */,
				862BF87527E3FDE60056A45B /* github_api_sample_app_ios_viperTests */,
				862BF87F27E3FDE60056A45B /* github_api_sample_app_ios_viperUITests */,
			);
		};
/* End PBXProject section */

/* Begin PBXResourcesBuildPhase section */
		862BF85E27E3FDE40056A45B /* Resources */ = {
			isa = PBXResourcesBuildPhase;
			buildActionMask = 2147483647;
			files = (
				862BF8B127E9D4FC0056A45B /* Top.storyboard in Resources */,
				862BF8A927E9472B0056A45B /* Localizable.strings in Resources */,
				862BF8B327EAB01F0056A45B /* GitHubUserList.storyboard in Resources */,
				862BF86D27E3FDE60056A45B /* Assets.xcassets in Resources */,
				862BF8AD27E9C8CE0056A45B /* Splash.storyboard in Resources */,
			);
			runOnlyForDeploymentPostprocessing = 0;
		};
		862BF87427E3FDE60056A45B /* Resources */ = {
			isa = PBXResourcesBuildPhase;
			buildActionMask = 2147483647;
			files = (
			);
			runOnlyForDeploymentPostprocessing = 0;
		};
		862BF87E27E3FDE60056A45B /* Resources */ = {
			isa = PBXResourcesBuildPhase;
			buildActionMask = 2147483647;
			files = (
			);
			runOnlyForDeploymentPostprocessing = 0;
		};
/* End PBXResourcesBuildPhase section */

/* Begin PBXShellScriptBuildPhase section */
		001DBB8FC23A839C43765E16 /* [CP] Check Pods Manifest.lock */ = {
			isa = PBXShellScriptBuildPhase;
			buildActionMask = 2147483647;
			files = (
			);
			inputFileListPaths = (
			);
			inputPaths = (
				"${PODS_PODFILE_DIR_PATH}/Podfile.lock",
				"${PODS_ROOT}/Manifest.lock",
			);
			name = "[CP] Check Pods Manifest.lock";
			outputFileListPaths = (
			);
			outputPaths = (
				"$(DERIVED_FILE_DIR)/Pods-github_api_sample_app_ios_viperUITests-checkManifestLockResult.txt",
			);
			runOnlyForDeploymentPostprocessing = 0;
			shellPath = /bin/sh;
			shellScript = "diff \"${PODS_PODFILE_DIR_PATH}/Podfile.lock\" \"${PODS_ROOT}/Manifest.lock\" > /dev/null\nif [ $? != 0 ] ; then\n    # print error to STDERR\n    echo \"error: The sandbox is not in sync with the Podfile.lock. Run 'pod install' or update your CocoaPods installation.\" >&2\n    exit 1\nfi\n# This output is used by Xcode 'outputs' to avoid re-running this script phase.\necho \"SUCCESS\" > \"${SCRIPT_OUTPUT_FILE_0}\"\n";
			showEnvVarsInLog = 0;
		};
		035A296FFE2F9327E909CEC3 /* [CP] Embed Pods Frameworks */ = {
			isa = PBXShellScriptBuildPhase;
			buildActionMask = 2147483647;
			files = (
			);
			inputFileListPaths = (
				"${PODS_ROOT}/Target Support Files/Pods-github_api_sample_app_ios_viperUITests/Pods-github_api_sample_app_ios_viperUITests-frameworks-${CONFIGURATION}-input-files.xcfilelist",
			);
			name = "[CP] Embed Pods Frameworks";
			outputFileListPaths = (
				"${PODS_ROOT}/Target Support Files/Pods-github_api_sample_app_ios_viperUITests/Pods-github_api_sample_app_ios_viperUITests-frameworks-${CONFIGURATION}-output-files.xcfilelist",
			);
			runOnlyForDeploymentPostprocessing = 0;
			shellPath = /bin/sh;
			shellScript = "\"${PODS_ROOT}/Target Support Files/Pods-github_api_sample_app_ios_viperUITests/Pods-github_api_sample_app_ios_viperUITests-frameworks.sh\"\n";
			showEnvVarsInLog = 0;
		};
		04A2D989DE390A2234CFD00D /* [CP] Embed Pods Frameworks */ = {
			isa = PBXShellScriptBuildPhase;
			buildActionMask = 2147483647;
			files = (
			);
			inputFileListPaths = (
				"${PODS_ROOT}/Target Support Files/Pods-github_api_sample_app_ios_viper/Pods-github_api_sample_app_ios_viper-frameworks-${CONFIGURATION}-input-files.xcfilelist",
			);
			name = "[CP] Embed Pods Frameworks";
			outputFileListPaths = (
				"${PODS_ROOT}/Target Support Files/Pods-github_api_sample_app_ios_viper/Pods-github_api_sample_app_ios_viper-frameworks-${CONFIGURATION}-output-files.xcfilelist",
			);
			runOnlyForDeploymentPostprocessing = 0;
			shellPath = /bin/sh;
			shellScript = "\"${PODS_ROOT}/Target Support Files/Pods-github_api_sample_app_ios_viper/Pods-github_api_sample_app_ios_viper-frameworks.sh\"\n";
			showEnvVarsInLog = 0;
		};
		862BF8A327E587130056A45B /* Run SwiftFormat */ = {
			isa = PBXShellScriptBuildPhase;
			buildActionMask = 2147483647;
			files = (
			);
			inputFileListPaths = (
			);
			inputPaths = (
			);
			name = "Run SwiftFormat";
			outputFileListPaths = (
			);
			outputPaths = (
			);
			runOnlyForDeploymentPostprocessing = 0;
			shellPath = /bin/sh;
			shellScript = "\"${PODS_ROOT}/SwiftFormat/CommandLineTool/swiftformat\" \"$SRCROOT\"\n";
		};
		862BF8A427E58C720056A45B /* Run SwiftLint */ = {
			isa = PBXShellScriptBuildPhase;
			buildActionMask = 2147483647;
			files = (
			);
			inputFileListPaths = (
			);
			inputPaths = (
			);
			name = "Run SwiftLint";
			outputFileListPaths = (
			);
			outputPaths = (
			);
			runOnlyForDeploymentPostprocessing = 0;
			shellPath = /bin/sh;
			shellScript = "if which \"${PODS_ROOT}/SwiftLint/swiftlint\" >/dev/null; then\n${PODS_ROOT}/SwiftLint/swiftlint\nelse\necho \"warning: SwiftLint not installed, download from https://github.com/realm/SwiftLint\"\nfi\n";
		};
		862BF8A527E592970056A45B /* Run R.swift */ = {
			isa = PBXShellScriptBuildPhase;
			alwaysOutOfDate = 1;
			buildActionMask = 2147483647;
			files = (
			);
			inputFileListPaths = (
			);
			inputPaths = (
			);
			name = "Run R.swift";
			outputFileListPaths = (
			);
			outputPaths = (
				$SRCROOT/R.generated.swift,
			);
			runOnlyForDeploymentPostprocessing = 0;
			shellPath = /bin/sh;
			shellScript = "\"$PODS_ROOT/R.swift/rswift\" generate \"$SRCROOT/R.generated.swift\"\n";
		};
		9AD6CA765FDA5B86D8A98709 /* [CP] Check Pods Manifest.lock */ = {
			isa = PBXShellScriptBuildPhase;
			buildActionMask = 2147483647;
			files = (
			);
			inputFileListPaths = (
			);
			inputPaths = (
				"${PODS_PODFILE_DIR_PATH}/Podfile.lock",
				"${PODS_ROOT}/Manifest.lock",
			);
			name = "[CP] Check Pods Manifest.lock";
			outputFileListPaths = (
			);
			outputPaths = (
				"$(DERIVED_FILE_DIR)/Pods-github_api_sample_app_ios_viper-checkManifestLockResult.txt",
			);
			runOnlyForDeploymentPostprocessing = 0;
			shellPath = /bin/sh;
			shellScript = "diff \"${PODS_PODFILE_DIR_PATH}/Podfile.lock\" \"${PODS_ROOT}/Manifest.lock\" > /dev/null\nif [ $? != 0 ] ; then\n    # print error to STDERR\n    echo \"error: The sandbox is not in sync with the Podfile.lock. Run 'pod install' or update your CocoaPods installation.\" >&2\n    exit 1\nfi\n# This output is used by Xcode 'outputs' to avoid re-running this script phase.\necho \"SUCCESS\" > \"${SCRIPT_OUTPUT_FILE_0}\"\n";
			showEnvVarsInLog = 0;
		};
		C9BE04A7772CDE3710D13EB8 /* [CP] Embed Pods Frameworks */ = {
			isa = PBXShellScriptBuildPhase;
			buildActionMask = 2147483647;
			files = (
			);
			inputFileListPaths = (
				"${PODS_ROOT}/Target Support Files/Pods-github_api_sample_app_ios_viperTests/Pods-github_api_sample_app_ios_viperTests-frameworks-${CONFIGURATION}-input-files.xcfilelist",
			);
			name = "[CP] Embed Pods Frameworks";
			outputFileListPaths = (
				"${PODS_ROOT}/Target Support Files/Pods-github_api_sample_app_ios_viperTests/Pods-github_api_sample_app_ios_viperTests-frameworks-${CONFIGURATION}-output-files.xcfilelist",
			);
			runOnlyForDeploymentPostprocessing = 0;
			shellPath = /bin/sh;
			shellScript = "\"${PODS_ROOT}/Target Support Files/Pods-github_api_sample_app_ios_viperTests/Pods-github_api_sample_app_ios_viperTests-frameworks.sh\"\n";
			showEnvVarsInLog = 0;
		};
		DCBD1EBFC785FD1E94437BF5 /* [CP] Check Pods Manifest.lock */ = {
			isa = PBXShellScriptBuildPhase;
			buildActionMask = 2147483647;
			files = (
			);
			inputFileListPaths = (
			);
			inputPaths = (
				"${PODS_PODFILE_DIR_PATH}/Podfile.lock",
				"${PODS_ROOT}/Manifest.lock",
			);
			name = "[CP] Check Pods Manifest.lock";
			outputFileListPaths = (
			);
			outputPaths = (
				"$(DERIVED_FILE_DIR)/Pods-github_api_sample_app_ios_viperTests-checkManifestLockResult.txt",
			);
			runOnlyForDeploymentPostprocessing = 0;
			shellPath = /bin/sh;
			shellScript = "diff \"${PODS_PODFILE_DIR_PATH}/Podfile.lock\" \"${PODS_ROOT}/Manifest.lock\" > /dev/null\nif [ $? != 0 ] ; then\n    # print error to STDERR\n    echo \"error: The sandbox is not in sync with the Podfile.lock. Run 'pod install' or update your CocoaPods installation.\" >&2\n    exit 1\nfi\n# This output is used by Xcode 'outputs' to avoid re-running this script phase.\necho \"SUCCESS\" > \"${SCRIPT_OUTPUT_FILE_0}\"\n";
			showEnvVarsInLog = 0;
		};
/* End PBXShellScriptBuildPhase section */

/* Begin PBXSourcesBuildPhase section */
		862BF85C27E3FDE40056A45B /* Sources */ = {
			isa = PBXSourcesBuildPhase;
			buildActionMask = 2147483647;
			files = (
				862BF86427E3FDE40056A45B /* AppDelegate.swift in Sources */,
				862BF86627E3FDE40056A45B /* SceneDelegate.swift in Sources */,
				862BF8A727E75ADA0056A45B /* R.generated.swift in Sources */,
				01E7EE0438C2B924B31A71E3 /* SplashViewController.swift in Sources */,
				E607FE83EE68F41911C6FF1D /* SplashPresenter.swift in Sources */,
				80231ADD70E013831C0F0E91 /* SplashRouter.swift in Sources */,
				2B8B64DCF1A0800FD7151BCD /* SplashConfigurator.swift in Sources */,
				1764DB802F972C44A7386895 /* TopViewController.swift in Sources */,
				BE153B2D7D4C6E7230AD0B8C /* TopPresenter.swift in Sources */,
				2D85AFC2149BB7D2D027C47B /* TopRouter.swift in Sources */,
				3C35678EAA779B4929097571 /* TopConfigurator.swift in Sources */,
				1FA9B06E091CEA501A9E21BB /* GitHubUserListViewController.swift in Sources */,
				C48ACE8B8F31F1029E6F60A2 /* GitHubUserListPresenter.swift in Sources */,
				862BF8B927EACED70056A45B /* GitHubUser.swift in Sources */,
				E864905EC8C8FCDC9C6EB9E4 /* GitHubUserListRouter.swift in Sources */,
				D327D0B97EDE886C254CE192 /* GitHubUserListConfigurator.swift in Sources */,
			);
			runOnlyForDeploymentPostprocessing = 0;
		};
		862BF87227E3FDE60056A45B /* Sources */ = {
			isa = PBXSourcesBuildPhase;
			buildActionMask = 2147483647;
			files = (
				862BF87B27E3FDE60056A45B /* github_api_sample_app_ios_viperTests.swift in Sources */,
				862BF8BC27EAD3E70056A45B /* GitHubUserTest.swift in Sources */,
			);
			runOnlyForDeploymentPostprocessing = 0;
		};
		862BF87C27E3FDE60056A45B /* Sources */ = {
			isa = PBXSourcesBuildPhase;
			buildActionMask = 2147483647;
			files = (
				862BF88527E3FDE60056A45B /* github_api_sample_app_ios_viperUITests.swift in Sources */,
				862BF88727E3FDE60056A45B /* github_api_sample_app_ios_viperUITestsLaunchTests.swift in Sources */,
			);
			runOnlyForDeploymentPostprocessing = 0;
		};
/* End PBXSourcesBuildPhase section */

/* Begin PBXTargetDependency section */
		862BF87827E3FDE60056A45B /* PBXTargetDependency */ = {
			isa = PBXTargetDependency;
			target = 862BF85F27E3FDE40056A45B /* github_api_sample_app_ios_viper */;
			targetProxy = 862BF87727E3FDE60056A45B /* PBXContainerItemProxy */;
		};
		862BF88227E3FDE60056A45B /* PBXTargetDependency */ = {
			isa = PBXTargetDependency;
			target = 862BF85F27E3FDE40056A45B /* github_api_sample_app_ios_viper */;
			targetProxy = 862BF88127E3FDE60056A45B /* PBXContainerItemProxy */;
		};
/* End PBXTargetDependency section */

/* Begin XCBuildConfiguration section */
		862BF88827E3FDE60056A45B /* Debug */ = {
			isa = XCBuildConfiguration;
			buildSettings = {
				ALWAYS_SEARCH_USER_PATHS = NO;
				CLANG_ANALYZER_NONNULL = YES;
				CLANG_ANALYZER_NUMBER_OBJECT_CONVERSION = YES_AGGRESSIVE;
				CLANG_CXX_LANGUAGE_STANDARD = "gnu++17";
				CLANG_ENABLE_MODULES = YES;
				CLANG_ENABLE_OBJC_ARC = YES;
				CLANG_ENABLE_OBJC_WEAK = YES;
				CLANG_WARN_BLOCK_CAPTURE_AUTORELEASING = YES;
				CLANG_WARN_BOOL_CONVERSION = YES;
				CLANG_WARN_COMMA = YES;
				CLANG_WARN_CONSTANT_CONVERSION = YES;
				CLANG_WARN_DEPRECATED_OBJC_IMPLEMENTATIONS = YES;
				CLANG_WARN_DIRECT_OBJC_ISA_USAGE = YES_ERROR;
				CLANG_WARN_DOCUMENTATION_COMMENTS = YES;
				CLANG_WARN_EMPTY_BODY = YES;
				CLANG_WARN_ENUM_CONVERSION = YES;
				CLANG_WARN_INFINITE_RECURSION = YES;
				CLANG_WARN_INT_CONVERSION = YES;
				CLANG_WARN_NON_LITERAL_NULL_CONVERSION = YES;
				CLANG_WARN_OBJC_IMPLICIT_RETAIN_SELF = YES;
				CLANG_WARN_OBJC_LITERAL_CONVERSION = YES;
				CLANG_WARN_OBJC_ROOT_CLASS = YES_ERROR;
				CLANG_WARN_QUOTED_INCLUDE_IN_FRAMEWORK_HEADER = YES;
				CLANG_WARN_RANGE_LOOP_ANALYSIS = YES;
				CLANG_WARN_STRICT_PROTOTYPES = YES;
				CLANG_WARN_SUSPICIOUS_MOVE = YES;
				CLANG_WARN_UNGUARDED_AVAILABILITY = YES_AGGRESSIVE;
				CLANG_WARN_UNREACHABLE_CODE = YES;
				CLANG_WARN__DUPLICATE_METHOD_MATCH = YES;
				COPY_PHASE_STRIP = NO;
				DEBUG_INFORMATION_FORMAT = dwarf;
				ENABLE_STRICT_OBJC_MSGSEND = YES;
				ENABLE_TESTABILITY = YES;
				GCC_C_LANGUAGE_STANDARD = gnu11;
				GCC_DYNAMIC_NO_PIC = NO;
				GCC_NO_COMMON_BLOCKS = YES;
				GCC_OPTIMIZATION_LEVEL = 0;
				GCC_PREPROCESSOR_DEFINITIONS = (
					"DEBUG=1",
					"$(inherited)",
				);
				GCC_WARN_64_TO_32_BIT_CONVERSION = YES;
				GCC_WARN_ABOUT_RETURN_TYPE = YES_ERROR;
				GCC_WARN_UNDECLARED_SELECTOR = YES;
				GCC_WARN_UNINITIALIZED_AUTOS = YES_AGGRESSIVE;
				GCC_WARN_UNUSED_FUNCTION = YES;
				GCC_WARN_UNUSED_VARIABLE = YES;
				IPHONEOS_DEPLOYMENT_TARGET = 15.4;
				MTL_ENABLE_DEBUG_INFO = INCLUDE_SOURCE;
				MTL_FAST_MATH = YES;
				ONLY_ACTIVE_ARCH = YES;
				SDKROOT = iphoneos;
				SWIFT_ACTIVE_COMPILATION_CONDITIONS = DEBUG;
				SWIFT_OPTIMIZATION_LEVEL = "-Onone";
			};
			name = Debug;
		};
		862BF88927E3FDE60056A45B /* Release */ = {
			isa = XCBuildConfiguration;
			buildSettings = {
				ALWAYS_SEARCH_USER_PATHS = NO;
				CLANG_ANALYZER_NONNULL = YES;
				CLANG_ANALYZER_NUMBER_OBJECT_CONVERSION = YES_AGGRESSIVE;
				CLANG_CXX_LANGUAGE_STANDARD = "gnu++17";
				CLANG_ENABLE_MODULES = YES;
				CLANG_ENABLE_OBJC_ARC = YES;
				CLANG_ENABLE_OBJC_WEAK = YES;
				CLANG_WARN_BLOCK_CAPTURE_AUTORELEASING = YES;
				CLANG_WARN_BOOL_CONVERSION = YES;
				CLANG_WARN_COMMA = YES;
				CLANG_WARN_CONSTANT_CONVERSION = YES;
				CLANG_WARN_DEPRECATED_OBJC_IMPLEMENTATIONS = YES;
				CLANG_WARN_DIRECT_OBJC_ISA_USAGE = YES_ERROR;
				CLANG_WARN_DOCUMENTATION_COMMENTS = YES;
				CLANG_WARN_EMPTY_BODY = YES;
				CLANG_WARN_ENUM_CONVERSION = YES;
				CLANG_WARN_INFINITE_RECURSION = YES;
				CLANG_WARN_INT_CONVERSION = YES;
				CLANG_WARN_NON_LITERAL_NULL_CONVERSION = YES;
				CLANG_WARN_OBJC_IMPLICIT_RETAIN_SELF = YES;
				CLANG_WARN_OBJC_LITERAL_CONVERSION = YES;
				CLANG_WARN_OBJC_ROOT_CLASS = YES_ERROR;
				CLANG_WARN_QUOTED_INCLUDE_IN_FRAMEWORK_HEADER = YES;
				CLANG_WARN_RANGE_LOOP_ANALYSIS = YES;
				CLANG_WARN_STRICT_PROTOTYPES = YES;
				CLANG_WARN_SUSPICIOUS_MOVE = YES;
				CLANG_WARN_UNGUARDED_AVAILABILITY = YES_AGGRESSIVE;
				CLANG_WARN_UNREACHABLE_CODE = YES;
				CLANG_WARN__DUPLICATE_METHOD_MATCH = YES;
				COPY_PHASE_STRIP = NO;
				DEBUG_INFORMATION_FORMAT = "dwarf-with-dsym";
				ENABLE_NS_ASSERTIONS = NO;
				ENABLE_STRICT_OBJC_MSGSEND = YES;
				GCC_C_LANGUAGE_STANDARD = gnu11;
				GCC_NO_COMMON_BLOCKS = YES;
				GCC_WARN_64_TO_32_BIT_CONVERSION = YES;
				GCC_WARN_ABOUT_RETURN_TYPE = YES_ERROR;
				GCC_WARN_UNDECLARED_SELECTOR = YES;
				GCC_WARN_UNINITIALIZED_AUTOS = YES_AGGRESSIVE;
				GCC_WARN_UNUSED_FUNCTION = YES;
				GCC_WARN_UNUSED_VARIABLE = YES;
				IPHONEOS_DEPLOYMENT_TARGET = 15.4;
				MTL_ENABLE_DEBUG_INFO = NO;
				MTL_FAST_MATH = YES;
				SDKROOT = iphoneos;
				SWIFT_COMPILATION_MODE = wholemodule;
				SWIFT_OPTIMIZATION_LEVEL = "-O";
				VALIDATE_PRODUCT = YES;
			};
			name = Release;
		};
		862BF88B27E3FDE60056A45B /* Debug */ = {
			isa = XCBuildConfiguration;
			baseConfigurationReference = E7CD96186100329A024E836A /* Pods-github_api_sample_app_ios_viper.debug.xcconfig */;
			buildSettings = {
				ASSETCATALOG_COMPILER_APPICON_NAME = AppIcon;
				ASSETCATALOG_COMPILER_GLOBAL_ACCENT_COLOR_NAME = AccentColor;
				CODE_SIGN_STYLE = Automatic;
				CURRENT_PROJECT_VERSION = 1;
				DEVELOPMENT_TEAM = B4C4BK3TF8;
				GENERATE_INFOPLIST_FILE = YES;
				INFOPLIST_FILE = github_api_sample_app_ios_viper/Info.plist;
				INFOPLIST_KEY_UIApplicationSupportsIndirectInputEvents = YES;
				INFOPLIST_KEY_UILaunchStoryboardName = LaunchScreen;
				INFOPLIST_KEY_UIMainStoryboardFile = Splash;
				INFOPLIST_KEY_UISupportedInterfaceOrientations_iPad = "UIInterfaceOrientationPortrait UIInterfaceOrientationPortraitUpsideDown UIInterfaceOrientationLandscapeLeft UIInterfaceOrientationLandscapeRight";
				INFOPLIST_KEY_UISupportedInterfaceOrientations_iPhone = "UIInterfaceOrientationPortrait UIInterfaceOrientationLandscapeLeft UIInterfaceOrientationLandscapeRight";
				LD_RUNPATH_SEARCH_PATHS = (
					"$(inherited)",
					"@executable_path/Frameworks",
				);
				MARKETING_VERSION = 0.1.0;
				PRODUCT_BUNDLE_IDENTIFIER = "com.noringo.github-api-sample-app-ios-viper";
				PRODUCT_NAME = "$(TARGET_NAME)";
				SWIFT_EMIT_LOC_STRINGS = YES;
				SWIFT_VERSION = 5.0;
				TARGETED_DEVICE_FAMILY = "1,2";
			};
			name = Debug;
		};
		862BF88C27E3FDE60056A45B /* Release */ = {
			isa = XCBuildConfiguration;
			baseConfigurationReference = A51CF0CA4C37FCDC276427BA /* Pods-github_api_sample_app_ios_viper.release.xcconfig */;
			buildSettings = {
				ASSETCATALOG_COMPILER_APPICON_NAME = AppIcon;
				ASSETCATALOG_COMPILER_GLOBAL_ACCENT_COLOR_NAME = AccentColor;
				CODE_SIGN_STYLE = Automatic;
				CURRENT_PROJECT_VERSION = 1;
				DEVELOPMENT_TEAM = B4C4BK3TF8;
				GENERATE_INFOPLIST_FILE = YES;
				INFOPLIST_FILE = github_api_sample_app_ios_viper/Info.plist;
				INFOPLIST_KEY_UIApplicationSupportsIndirectInputEvents = YES;
				INFOPLIST_KEY_UILaunchStoryboardName = LaunchScreen;
				INFOPLIST_KEY_UIMainStoryboardFile = Splash;
				INFOPLIST_KEY_UISupportedInterfaceOrientations_iPad = "UIInterfaceOrientationPortrait UIInterfaceOrientationPortraitUpsideDown UIInterfaceOrientationLandscapeLeft UIInterfaceOrientationLandscapeRight";
				INFOPLIST_KEY_UISupportedInterfaceOrientations_iPhone = "UIInterfaceOrientationPortrait UIInterfaceOrientationLandscapeLeft UIInterfaceOrientationLandscapeRight";
				LD_RUNPATH_SEARCH_PATHS = (
					"$(inherited)",
					"@executable_path/Frameworks",
				);
				MARKETING_VERSION = 0.1.0;
				PRODUCT_BUNDLE_IDENTIFIER = "com.noringo.github-api-sample-app-ios-viper";
				PRODUCT_NAME = "$(TARGET_NAME)";
				SWIFT_EMIT_LOC_STRINGS = YES;
				SWIFT_VERSION = 5.0;
				TARGETED_DEVICE_FAMILY = "1,2";
			};
			name = Release;
		};
		862BF88E27E3FDE60056A45B /* Debug */ = {
			isa = XCBuildConfiguration;
			baseConfigurationReference = 81B8C690B1270A4E8DFF94D5 /* Pods-github_api_sample_app_ios_viperTests.debug.xcconfig */;
			buildSettings = {
				ALWAYS_EMBED_SWIFT_STANDARD_LIBRARIES = YES;
				BUNDLE_LOADER = "$(TEST_HOST)";
				CODE_SIGN_STYLE = Automatic;
				CURRENT_PROJECT_VERSION = 1;
				DEVELOPMENT_TEAM = B4C4BK3TF8;
				GENERATE_INFOPLIST_FILE = YES;
				IPHONEOS_DEPLOYMENT_TARGET = 15.4;
				MARKETING_VERSION = 1.0;
				PRODUCT_BUNDLE_IDENTIFIER = "com.noringo.github-api-sample-app-ios-viperTests";
				PRODUCT_NAME = "$(TARGET_NAME)";
				SWIFT_EMIT_LOC_STRINGS = NO;
				SWIFT_VERSION = 5.0;
				TARGETED_DEVICE_FAMILY = "1,2";
				TEST_HOST = "$(BUILT_PRODUCTS_DIR)/github_api_sample_app_ios_viper.app/github_api_sample_app_ios_viper";
			};
			name = Debug;
		};
		862BF88F27E3FDE60056A45B /* Release */ = {
			isa = XCBuildConfiguration;
			baseConfigurationReference = 885F53DEEB6FC9CBBBD09982 /* Pods-github_api_sample_app_ios_viperTests.release.xcconfig */;
			buildSettings = {
				ALWAYS_EMBED_SWIFT_STANDARD_LIBRARIES = YES;
				BUNDLE_LOADER = "$(TEST_HOST)";
				CODE_SIGN_STYLE = Automatic;
				CURRENT_PROJECT_VERSION = 1;
				DEVELOPMENT_TEAM = B4C4BK3TF8;
				GENERATE_INFOPLIST_FILE = YES;
				IPHONEOS_DEPLOYMENT_TARGET = 15.4;
				MARKETING_VERSION = 1.0;
				PRODUCT_BUNDLE_IDENTIFIER = "com.noringo.github-api-sample-app-ios-viperTests";
				PRODUCT_NAME = "$(TARGET_NAME)";
				SWIFT_EMIT_LOC_STRINGS = NO;
				SWIFT_VERSION = 5.0;
				TARGETED_DEVICE_FAMILY = "1,2";
				TEST_HOST = "$(BUILT_PRODUCTS_DIR)/github_api_sample_app_ios_viper.app/github_api_sample_app_ios_viper";
			};
			name = Release;
		};
		862BF89127E3FDE60056A45B /* Debug */ = {
			isa = XCBuildConfiguration;
			baseConfigurationReference = D387E6A2EEAA0DD431A54A62 /* Pods-github_api_sample_app_ios_viperUITests.debug.xcconfig */;
			buildSettings = {
				ALWAYS_EMBED_SWIFT_STANDARD_LIBRARIES = YES;
				CODE_SIGN_STYLE = Automatic;
				CURRENT_PROJECT_VERSION = 1;
				DEVELOPMENT_TEAM = B4C4BK3TF8;
				GENERATE_INFOPLIST_FILE = YES;
				MARKETING_VERSION = 1.0;
				PRODUCT_BUNDLE_IDENTIFIER = "com.noringo.github-api-sample-app-ios-viperUITests";
				PRODUCT_NAME = "$(TARGET_NAME)";
				SWIFT_EMIT_LOC_STRINGS = NO;
				SWIFT_VERSION = 5.0;
				TARGETED_DEVICE_FAMILY = "1,2";
				TEST_TARGET_NAME = github_api_sample_app_ios_viper;
			};
			name = Debug;
		};
		862BF89227E3FDE60056A45B /* Release */ = {
			isa = XCBuildConfiguration;
			baseConfigurationReference = 43B0348ACE120610705A4F32 /* Pods-github_api_sample_app_ios_viperUITests.release.xcconfig */;
			buildSettings = {
				ALWAYS_EMBED_SWIFT_STANDARD_LIBRARIES = YES;
				CODE_SIGN_STYLE = Automatic;
				CURRENT_PROJECT_VERSION = 1;
				DEVELOPMENT_TEAM = B4C4BK3TF8;
				GENERATE_INFOPLIST_FILE = YES;
				MARKETING_VERSION = 1.0;
				PRODUCT_BUNDLE_IDENTIFIER = "com.noringo.github-api-sample-app-ios-viperUITests";
				PRODUCT_NAME = "$(TARGET_NAME)";
				SWIFT_EMIT_LOC_STRINGS = NO;
				SWIFT_VERSION = 5.0;
				TARGETED_DEVICE_FAMILY = "1,2";
				TEST_TARGET_NAME = github_api_sample_app_ios_viper;
			};
			name = Release;
		};
/* End XCBuildConfiguration section */

/* Begin XCConfigurationList section */
		862BF85B27E3FDE40056A45B /* Build configuration list for PBXProject "github_api_sample_app_ios_viper" */ = {
			isa = XCConfigurationList;
			buildConfigurations = (
				862BF88827E3FDE60056A45B /* Debug */,
				862BF88927E3FDE60056A45B /* Release */,
			);
			defaultConfigurationIsVisible = 0;
			defaultConfigurationName = Release;
		};
		862BF88A27E3FDE60056A45B /* Build configuration list for PBXNativeTarget "github_api_sample_app_ios_viper" */ = {
			isa = XCConfigurationList;
			buildConfigurations = (
				862BF88B27E3FDE60056A45B /* Debug */,
				862BF88C27E3FDE60056A45B /* Release */,
			);
			defaultConfigurationIsVisible = 0;
			defaultConfigurationName = Release;
		};
		862BF88D27E3FDE60056A45B /* Build configuration list for PBXNativeTarget "github_api_sample_app_ios_viperTests" */ = {
			isa = XCConfigurationList;
			buildConfigurations = (
				862BF88E27E3FDE60056A45B /* Debug */,
				862BF88F27E3FDE60056A45B /* Release */,
			);
			defaultConfigurationIsVisible = 0;
			defaultConfigurationName = Release;
		};
		862BF89027E3FDE60056A45B /* Build configuration list for PBXNativeTarget "github_api_sample_app_ios_viperUITests" */ = {
			isa = XCConfigurationList;
			buildConfigurations = (
				862BF89127E3FDE60056A45B /* Debug */,
				862BF89227E3FDE60056A45B /* Release */,
			);
			defaultConfigurationIsVisible = 0;
			defaultConfigurationName = Release;
		};
/* End XCConfigurationList section */
	};
	rootObject = 862BF85827E3FDE40056A45B /* Project object */;
}
